
Microsoft Visual Studio Solution File, Format Version 12.00
# Visual Studio Version 17
VisualStudioVersion = 17.4.33205.214
MinimumVisualStudioVersion = 10.0.40219.1
Project("{FAE04EC0-301F-11D3-BF4B-00C04F79EFBC}") = "JwtWebAPI", "JwtWebAPI.csproj", "{859DF9E2-B96A-4EEF-BBD4-82792F302874}"
EndProject
Global
	GlobalSection(SolutionConfigurationPlatforms) = preSolution
		Debug|Any CPU = Debug|Any CPU
		Release|Any CPU = Release|Any CPU
	EndGlobalSection
	GlobalSection(ProjectConfigurationPlatforms) = postSolution
		{859DF9E2-B96A-4EEF-BBD4-82792F302874}.Debug|Any CPU.ActiveCfg = Debug|Any CPU
		{859DF9E2-B96A-4EEF-BBD4-82792F302874}.Debug|Any CPU.Build.0 = Debug|Any CPU
		{859DF9E2-B96A-4EEF-BBD4-82792F302874}.Release|Any CPU.ActiveCfg = Release|Any CPU
		{859DF9E2-B96A-4EEF-BBD4-82792F302874}.Release|Any CPU.Build.0 = Release|Any CPU
	EndGlobalSection
	GlobalSection(SolutionProperties) = preSolution
		HideSolutionNode = FALSE
	EndGlobalSection
	GlobalSection(ExtensibilityGlobals) = postSolution
		SolutionGuid = {75C3D9A2-819C-401F-BF0C-2A29130CA154}
	EndGlobalSection
EndGlobal
